// !$*UTF8*$!
{
	archiveVersion = 1;
	classes = {
	};
	objectVersion = 52;
	objects = {

/* Begin PBXBuildFile section */
		C6389E992541CEAB003ED18F /* AppDelegate.swift in Sources */ = {isa = PBXBuildFile; fileRef = C6389E982541CEAB003ED18F /* AppDelegate.swift */; };
		C6389E9B2541CEAB003ED18F /* SceneDelegate.swift in Sources */ = {isa = PBXBuildFile; fileRef = C6389E9A2541CEAB003ED18F /* SceneDelegate.swift */; };
		C6389E9D2541CEAB003ED18F /* ViewController.swift in Sources */ = {isa = PBXBuildFile; fileRef = C6389E9C2541CEAB003ED18F /* ViewController.swift */; };
		C6389EA02541CEAB003ED18F /* Main.storyboard in Resources */ = {isa = PBXBuildFile; fileRef = C6389E9E2541CEAB003ED18F /* Main.storyboard */; };
		C6389EA22541CEAD003ED18F /* Assets.xcassets in Resources */ = {isa = PBXBuildFile; fileRef = C6389EA12541CEAD003ED18F /* Assets.xcassets */; };
		C6389EA52541CEAD003ED18F /* LaunchScreen.storyboard in Resources */ = {isa = PBXBuildFile; fileRef = C6389EA32541CEAD003ED18F /* LaunchScreen.storyboard */; };
		C6389EAF2541CFB8003ED18F /* ReverseGeocodingMap in Frameworks */ = {isa = PBXBuildFile; productRef = C6389EAE2541CFB8003ED18F /* ReverseGeocodingMap */; };
		C6AFE67E25D2E1030035639C /* Poppins-ExtraLight.ttf in Resources */ = {isa = PBXBuildFile; fileRef = C6AFE67625D2E1030035639C /* Poppins-ExtraLight.ttf */; };
		C6AFE67F25D2E1030035639C /* Poppins-Light.ttf in Resources */ = {isa = PBXBuildFile; fileRef = C6AFE67725D2E1030035639C /* Poppins-Light.ttf */; };
		C6AFE68025D2E1030035639C /* Poppins-Medium.ttf in Resources */ = {isa = PBXBuildFile; fileRef = C6AFE67825D2E1030035639C /* Poppins-Medium.ttf */; };
		C6AFE68125D2E1030035639C /* Poppins.json in Resources */ = {isa = PBXBuildFile; fileRef = C6AFE67925D2E1030035639C /* Poppins.json */; };
		C6AFE68225D2E1030035639C /* Poppins-Regular.ttf in Resources */ = {isa = PBXBuildFile; fileRef = C6AFE67A25D2E1030035639C /* Poppins-Regular.ttf */; };
		C6AFE68325D2E1030035639C /* Poppins-Bold.ttf in Resources */ = {isa = PBXBuildFile; fileRef = C6AFE67B25D2E1030035639C /* Poppins-Bold.ttf */; };
		C6AFE68425D2E1030035639C /* Poppins-Thin.ttf in Resources */ = {isa = PBXBuildFile; fileRef = C6AFE67C25D2E1030035639C /* Poppins-Thin.ttf */; };
		C6AFE68525D2E1030035639C /* Poppins-SemiBold.ttf in Resources */ = {isa = PBXBuildFile; fileRef = C6AFE67D25D2E1030035639C /* Poppins-SemiBold.ttf */; };
/* End PBXBuildFile section */

/* Begin PBXFileReference section */
		C6389E952541CEAB003ED18F /* iOS-Example.app */ = {isa = PBXFileReference; explicitFileType = wrapper.application; includeInIndex = 0; path = "iOS-Example.app"; sourceTree = BUILT_PRODUCTS_DIR; };
		C6389E982541CEAB003ED18F /* AppDelegate.swift */ = {isa = PBXFileReference; lastKnownFileType = sourcecode.swift; path = AppDelegate.swift; sourceTree = "<group>"; };
		C6389E9A2541CEAB003ED18F /* SceneDelegate.swift */ = {isa = PBXFileReference; lastKnownFileType = sourcecode.swift; path = SceneDelegate.swift; sourceTree = "<group>"; };
		C6389E9C2541CEAB003ED18F /* ViewController.swift */ = {isa = PBXFileReference; lastKnownFileType = sourcecode.swift; path = ViewController.swift; sourceTree = "<group>"; };
		C6389E9F2541CEAB003ED18F /* Base */ = {isa = PBXFileReference; lastKnownFileType = file.storyboard; name = Base; path = Base.lproj/Main.storyboard; sourceTree = "<group>"; };
		C6389EA12541CEAD003ED18F /* Assets.xcassets */ = {isa = PBXFileReference; lastKnownFileType = folder.assetcatalog; path = Assets.xcassets; sourceTree = "<group>"; };
		C6389EA42541CEAD003ED18F /* Base */ = {isa = PBXFileReference; lastKnownFileType = file.storyboard; name = Base; path = Base.lproj/LaunchScreen.storyboard; sourceTree = "<group>"; };
		C6389EA62541CEAD003ED18F /* Info.plist */ = {isa = PBXFileReference; lastKnownFileType = text.plist.xml; path = Info.plist; sourceTree = "<group>"; };
		C6389EB12541CFBF003ED18F /* ReverseGeocodingMap */ = {isa = PBXFileReference; lastKnownFileType = folder; name = ReverseGeocodingMap; path = ..; sourceTree = "<group>"; };
		C6AFE67625D2E1030035639C /* Poppins-ExtraLight.ttf */ = {isa = PBXFileReference; lastKnownFileType = file; path = "Poppins-ExtraLight.ttf"; sourceTree = "<group>"; };
		C6AFE67725D2E1030035639C /* Poppins-Light.ttf */ = {isa = PBXFileReference; lastKnownFileType = file; path = "Poppins-Light.ttf"; sourceTree = "<group>"; };
		C6AFE67825D2E1030035639C /* Poppins-Medium.ttf */ = {isa = PBXFileReference; lastKnownFileType = file; path = "Poppins-Medium.ttf"; sourceTree = "<group>"; };
		C6AFE67925D2E1030035639C /* Poppins.json */ = {isa = PBXFileReference; fileEncoding = 4; lastKnownFileType = text.json; path = Poppins.json; sourceTree = "<group>"; };
		C6AFE67A25D2E1030035639C /* Poppins-Regular.ttf */ = {isa = PBXFileReference; lastKnownFileType = file; path = "Poppins-Regular.ttf"; sourceTree = "<group>"; };
		C6AFE67B25D2E1030035639C /* Poppins-Bold.ttf */ = {isa = PBXFileReference; lastKnownFileType = file; path = "Poppins-Bold.ttf"; sourceTree = "<group>"; };
		C6AFE67C25D2E1030035639C /* Poppins-Thin.ttf */ = {isa = PBXFileReference; lastKnownFileType = file; path = "Poppins-Thin.ttf"; sourceTree = "<group>"; };
		C6AFE67D25D2E1030035639C /* Poppins-SemiBold.ttf */ = {isa = PBXFileReference; lastKnownFileType = file; path = "Poppins-SemiBold.ttf"; sourceTree = "<group>"; };
/* End PBXFileReference section */

/* Begin PBXFrameworksBuildPhase section */
		C6389E922541CEAB003ED18F /* Frameworks */ = {
			isa = PBXFrameworksBuildPhase;
			buildActionMask = 2147483647;
			files = (
				C6389EAF2541CFB8003ED18F /* ReverseGeocodingMap in Frameworks */,
			);
			runOnlyForDeploymentPostprocessing = 0;
		};
/* End PBXFrameworksBuildPhase section */

/* Begin PBXGroup section */
		C6389E8C2541CEAB003ED18F = {
			isa = PBXGroup;
			children = (
				C6389EB12541CFBF003ED18F /* ReverseGeocodingMap */,
				C6389E972541CEAB003ED18F /* iOS-Example */,
				C6389E962541CEAB003ED18F /* Products */,
			);
			sourceTree = "<group>";
		};
		C6389E962541CEAB003ED18F /* Products */ = {
			isa = PBXGroup;
			children = (
				C6389E952541CEAB003ED18F /* iOS-Example.app */,
			);
			name = Products;
			sourceTree = "<group>";
		};
		C6389E972541CEAB003ED18F /* iOS-Example */ = {
			isa = PBXGroup;
			children = (
				C6AFE67525D2E1030035639C /* Fonts */,
				C6389E982541CEAB003ED18F /* AppDelegate.swift */,
				C6389E9A2541CEAB003ED18F /* SceneDelegate.swift */,
				C6389E9C2541CEAB003ED18F /* ViewController.swift */,
				C6389E9E2541CEAB003ED18F /* Main.storyboard */,
				C6389EA12541CEAD003ED18F /* Assets.xcassets */,
				C6389EA32541CEAD003ED18F /* LaunchScreen.storyboard */,
				C6389EA62541CEAD003ED18F /* Info.plist */,
			);
			path = "iOS-Example";
			sourceTree = "<group>";
		};
		C6AFE67525D2E1030035639C /* Fonts */ = {
			isa = PBXGroup;
			children = (
				C6AFE67625D2E1030035639C /* Poppins-ExtraLight.ttf */,
				C6AFE67725D2E1030035639C /* Poppins-Light.ttf */,
				C6AFE67825D2E1030035639C /* Poppins-Medium.ttf */,
				C6AFE67925D2E1030035639C /* Poppins.json */,
				C6AFE67A25D2E1030035639C /* Poppins-Regular.ttf */,
				C6AFE67B25D2E1030035639C /* Poppins-Bold.ttf */,
				C6AFE67C25D2E1030035639C /* Poppins-Thin.ttf */,
				C6AFE67D25D2E1030035639C /* Poppins-SemiBold.ttf */,
			);
			path = Fonts;
			sourceTree = SOURCE_ROOT;
		};
/* End PBXGroup section */

/* Begin PBXNativeTarget section */
		C6389E942541CEAB003ED18F /* iOS-Example */ = {
			isa = PBXNativeTarget;
			buildConfigurationList = C6389EA92541CEAD003ED18F /* Build configuration list for PBXNativeTarget "iOS-Example" */;
			buildPhases = (
				C6389E912541CEAB003ED18F /* Sources */,
				C6389E922541CEAB003ED18F /* Frameworks */,
				C6389E932541CEAB003ED18F /* Resources */,
			);
			buildRules = (
			);
			dependencies = (
			);
			name = "iOS-Example";
			packageProductDependencies = (
				C6389EAE2541CFB8003ED18F /* ReverseGeocodingMap */,
			);
			productName = "iOS-Example";
			productReference = C6389E952541CEAB003ED18F /* iOS-Example.app */;
			productType = "com.apple.product-type.application";
		};
/* End PBXNativeTarget section */

/* Begin PBXProject section */
		C6389E8D2541CEAB003ED18F /* Project object */ = {
			isa = PBXProject;
			attributes = {
				LastSwiftUpdateCheck = 1200;
				LastUpgradeCheck = 1200;
				TargetAttributes = {
					C6389E942541CEAB003ED18F = {
						CreatedOnToolsVersion = 12.0.1;
					};
				};
			};
			buildConfigurationList = C6389E902541CEAB003ED18F /* Build configuration list for PBXProject "iOS-Example" */;
			compatibilityVersion = "Xcode 9.3";
			developmentRegion = en;
			hasScannedForEncodings = 0;
			knownRegions = (
				en,
				Base,
			);
			mainGroup = C6389E8C2541CEAB003ED18F;
			packageReferences = (
				C6389EAD2541CFB8003ED18F /* XCRemoteSwiftPackageReference "ReverseGeocodingMap" */,
			);
			productRefGroup = C6389E962541CEAB003ED18F /* Products */;
			projectDirPath = "";
			projectRoot = "";
			targets = (
				C6389E942541CEAB003ED18F /* iOS-Example */,
			);
		};
/* End PBXProject section */

/* Begin PBXResourcesBuildPhase section */
		C6389E932541CEAB003ED18F /* Resources */ = {
			isa = PBXResourcesBuildPhase;
			buildActionMask = 2147483647;
			files = (
				C6AFE67E25D2E1030035639C /* Poppins-ExtraLight.ttf in Resources */,
				C6AFE68325D2E1030035639C /* Poppins-Bold.ttf in Resources */,
				C6AFE68525D2E1030035639C /* Poppins-SemiBold.ttf in Resources */,
				C6AFE67F25D2E1030035639C /* Poppins-Light.ttf in Resources */,
				C6389EA52541CEAD003ED18F /* LaunchScreen.storyboard in Resources */,
				C6AFE68025D2E1030035639C /* Poppins-Medium.ttf in Resources */,
				C6389EA22541CEAD003ED18F /* Assets.xcassets in Resources */,
				C6389EA02541CEAB003ED18F /* Main.storyboard in Resources */,
				C6AFE68125D2E1030035639C /* Poppins.json in Resources */,
				C6AFE68225D2E1030035639C /* Poppins-Regular.ttf in Resources */,
				C6AFE68425D2E1030035639C /* Poppins-Thin.ttf in Resources */,
			);
			runOnlyForDeploymentPostprocessing = 0;
		};
/* End PBXResourcesBuildPhase section */

/* Begin PBXSourcesBuildPhase section */
		C6389E912541CEAB003ED18F /* Sources */ = {
			isa = PBXSourcesBuildPhase;
			buildActionMask = 2147483647;
			files = (
				C6389E9D2541CEAB003ED18F /* ViewController.swift in Sources */,
				C6389E992541CEAB003ED18F /* AppDelegate.swift in Sources */,
				C6389E9B2541CEAB003ED18F /* SceneDelegate.swift in Sources */,
			);
			runOnlyForDeploymentPostprocessing = 0;
		};
/* End PBXSourcesBuildPhase section */

/* Begin PBXVariantGroup section */
		C6389E9E2541CEAB003ED18F /* Main.storyboard */ = {
			isa = PBXVariantGroup;
			children = (
				C6389E9F2541CEAB003ED18F /* Base */,
			);
			name = Main.storyboard;
			sourceTree = "<group>";
		};
		C6389EA32541CEAD003ED18F /* LaunchScreen.storyboard */ = {
			isa = PBXVariantGroup;
			children = (
				C6389EA42541CEAD003ED18F /* Base */,
			);
			name = LaunchScreen.storyboard;
			sourceTree = "<group>";
		};
/* End PBXVariantGroup section */

/* Begin XCBuildConfiguration section */
		C6389EA72541CEAD003ED18F /* Debug */ = {
			isa = XCBuildConfiguration;
			buildSettings = {
				ALWAYS_SEARCH_USER_PATHS = NO;
				CLANG_ANALYZER_NONNULL = YES;
				CLANG_ANALYZER_NUMBER_OBJECT_CONVERSION = YES_AGGRESSIVE;
				CLANG_CXX_LANGUAGE_STANDARD = "gnu++14";
				CLANG_CXX_LIBRARY = "libc++";
				CLANG_ENABLE_MODULES = YES;
				CLANG_ENABLE_OBJC_ARC = YES;
				CLANG_ENABLE_OBJC_WEAK = YES;
				CLANG_WARN_BLOCK_CAPTURE_AUTORELEASING = YES;
				CLANG_WARN_BOOL_CONVERSION = YES;
				CLANG_WARN_COMMA = YES;
				CLANG_WARN_CONSTANT_CONVERSION = YES;
				CLANG_WARN_DEPRECATED_OBJC_IMPLEMENTATIONS = YES;
				CLANG_WARN_DIRECT_OBJC_ISA_USAGE = YES_ERROR;
				CLANG_WARN_DOCUMENTATION_COMMENTS = YES;
				CLANG_WARN_EMPTY_BODY = YES;
				CLANG_WARN_ENUM_CONVERSION = YES;
				CLANG_WARN_INFINITE_RECURSION = YES;
				CLANG_WARN_INT_CONVERSION = YES;
				CLANG_WARN_NON_LITERAL_NULL_CONVERSION = YES;
				CLANG_WARN_OBJC_IMPLICIT_RETAIN_SELF = YES;
				CLANG_WARN_OBJC_LITERAL_CONVERSION = YES;
				CLANG_WARN_OBJC_ROOT_CLASS = YES_ERROR;
				CLANG_WARN_QUOTED_INCLUDE_IN_FRAMEWORK_HEADER = YES;
				CLANG_WARN_RANGE_LOOP_ANALYSIS = YES;
				CLANG_WARN_STRICT_PROTOTYPES = YES;
				CLANG_WARN_SUSPICIOUS_MOVE = YES;
				CLANG_WARN_UNGUARDED_AVAILABILITY = YES_AGGRESSIVE;
				CLANG_WARN_UNREACHABLE_CODE = YES;
				CLANG_WARN__DUPLICATE_METHOD_MATCH = YES;
				COPY_PHASE_STRIP = NO;
				DEBUG_INFORMATION_FORMAT = dwarf;
				ENABLE_STRICT_OBJC_MSGSEND = YES;
				ENABLE_TESTABILITY = YES;
				GCC_C_LANGUAGE_STANDARD = gnu11;
				GCC_DYNAMIC_NO_PIC = NO;
				GCC_NO_COMMON_BLOCKS = YES;
				GCC_OPTIMIZATION_LEVEL = 0;
				GCC_PREPROCESSOR_DEFINITIONS = (
					"DEBUG=1",
					"$(inherited)",
				);
				GCC_WARN_64_TO_32_BIT_CONVERSION = YES;
				GCC_WARN_ABOUT_RETURN_TYPE = YES_ERROR;
				GCC_WARN_UNDECLARED_SELECTOR = YES;
				GCC_WARN_UNINITIALIZED_AUTOS = YES_AGGRESSIVE;
				GCC_WARN_UNUSED_FUNCTION = YES;
				GCC_WARN_UNUSED_VARIABLE = YES;
				IPHONEOS_DEPLOYMENT_TARGET = 14.0;
				MTL_ENABLE_DEBUG_INFO = INCLUDE_SOURCE;
				MTL_FAST_MATH = YES;
				ONLY_ACTIVE_ARCH = YES;
				SDKROOT = iphoneos;
				SWIFT_ACTIVE_COMPILATION_CONDITIONS = DEBUG;
				SWIFT_OPTIMIZATION_LEVEL = "-Onone";
			};
			name = Debug;
		};
		C6389EA82541CEAD003ED18F /* Release */ = {
			isa = XCBuildConfiguration;
			buildSettings = {
				ALWAYS_SEARCH_USER_PATHS = NO;
				CLANG_ANALYZER_NONNULL = YES;
				CLANG_ANALYZER_NUMBER_OBJECT_CONVERSION = YES_AGGRESSIVE;
				CLANG_CXX_LANGUAGE_STANDARD = "gnu++14";
				CLANG_CXX_LIBRARY = "libc++";
				CLANG_ENABLE_MODULES = YES;
				CLANG_ENABLE_OBJC_ARC = YES;
				CLANG_ENABLE_OBJC_WEAK = YES;
				CLANG_WARN_BLOCK_CAPTURE_AUTORELEASING = YES;
				CLANG_WARN_BOOL_CONVERSION = YES;
				CLANG_WARN_COMMA = YES;
				CLANG_WARN_CONSTANT_CONVERSION = YES;
				CLANG_WARN_DEPRECATED_OBJC_IMPLEMENTATIONS = YES;
				CLANG_WARN_DIRECT_OBJC_ISA_USAGE = YES_ERROR;
				CLANG_WARN_DOCUMENTATION_COMMENTS = YES;
				CLANG_WARN_EMPTY_BODY = YES;
				CLANG_WARN_ENUM_CONVERSION = YES;
				CLANG_WARN_INFINITE_RECURSION = YES;
				CLANG_WARN_INT_CONVERSION = YES;
				CLANG_WARN_NON_LITERAL_NULL_CONVERSION = YES;
				CLANG_WARN_OBJC_IMPLICIT_RETAIN_SELF = YES;
				CLANG_WARN_OBJC_LITERAL_CONVERSION = YES;
				CLANG_WARN_OBJC_ROOT_CLASS = YES_ERROR;
				CLANG_WARN_QUOTED_INCLUDE_IN_FRAMEWORK_HEADER = YES;
				CLANG_WARN_RANGE_LOOP_ANALYSIS = YES;
				CLANG_WARN_STRICT_PROTOTYPES = YES;
				CLANG_WARN_SUSPICIOUS_MOVE = YES;
				CLANG_WARN_UNGUARDED_AVAILABILITY = YES_AGGRESSIVE;
				CLANG_WARN_UNREACHABLE_CODE = YES;
				CLANG_WARN__DUPLICATE_METHOD_MATCH = YES;
				COPY_PHASE_STRIP = NO;
				DEBUG_INFORMATION_FORMAT = "dwarf-with-dsym";
				ENABLE_NS_ASSERTIONS = NO;
				ENABLE_STRICT_OBJC_MSGSEND = YES;
				GCC_C_LANGUAGE_STANDARD = gnu11;
				GCC_NO_COMMON_BLOCKS = YES;
				GCC_WARN_64_TO_32_BIT_CONVERSION = YES;
				GCC_WARN_ABOUT_RETURN_TYPE = YES_ERROR;
				GCC_WARN_UNDECLARED_SELECTOR = YES;
				GCC_WARN_UNINITIALIZED_AUTOS = YES_AGGRESSIVE;
				GCC_WARN_UNUSED_FUNCTION = YES;
				GCC_WARN_UNUSED_VARIABLE = YES;
				IPHONEOS_DEPLOYMENT_TARGET = 14.0;
				MTL_ENABLE_DEBUG_INFO = NO;
				MTL_FAST_MATH = YES;
				SDKROOT = iphoneos;
				SWIFT_COMPILATION_MODE = wholemodule;
				SWIFT_OPTIMIZATION_LEVEL = "-O";
				VALIDATE_PRODUCT = YES;
			};
			name = Release;
		};
		C6389EAA2541CEAD003ED18F /* Debug */ = {
			isa = XCBuildConfiguration;
			buildSettings = {
				ASSETCATALOG_COMPILER_APPICON_NAME = AppIcon;
				ASSETCATALOG_COMPILER_GLOBAL_ACCENT_COLOR_NAME = AccentColor;
				CODE_SIGN_STYLE = Automatic;
				DEVELOPMENT_TEAM = R8CKJFJ8PK;
				INFOPLIST_FILE = "iOS-Example/Info.plist";
				LD_RUNPATH_SEARCH_PATHS = (
					"$(inherited)",
					"@executable_path/Frameworks",
				);
				PRODUCT_BUNDLE_IDENTIFIER = "com.kaiman.iOS-Example";
				PRODUCT_NAME = "$(TARGET_NAME)";
				SWIFT_VERSION = 5.0;
				TARGETED_DEVICE_FAMILY = "1,2";
			};
			name = Debug;
		};
		C6389EAB2541CEAD003ED18F /* Release */ = {
			isa = XCBuildConfiguration;
			buildSettings = {
				ASSETCATALOG_COMPILER_APPICON_NAME = AppIcon;
				ASSETCATALOG_COMPILER_GLOBAL_ACCENT_COLOR_NAME = AccentColor;
				CODE_SIGN_STYLE = Automatic;
				DEVELOPMENT_TEAM = R8CKJFJ8PK;
				INFOPLIST_FILE = "iOS-Example/Info.plist";
				LD_RUNPATH_SEARCH_PATHS = (
					"$(inherited)",
					"@executable_path/Frameworks",
				);
				PRODUCT_BUNDLE_IDENTIFIER = "com.kaiman.iOS-Example";
				PRODUCT_NAME = "$(TARGET_NAME)";
				SWIFT_VERSION = 5.0;
				TARGETED_DEVICE_FAMILY = "1,2";
			};
			name = Release;
		};
/* End XCBuildConfiguration section */

/* Begin XCConfigurationList section */
		C6389E902541CEAB003ED18F /* Build configuration list for PBXProject "iOS-Example" */ = {
			isa = XCConfigurationList;
			buildConfigurations = (
				C6389EA72541CEAD003ED18F /* Debug */,
				C6389EA82541CEAD003ED18F /* Release */,
			);
			defaultConfigurationIsVisible = 0;
			defaultConfigurationName = Release;
		};
		C6389EA92541CEAD003ED18F /* Build configuration list for PBXNativeTarget "iOS-Example" */ = {
			isa = XCConfigurationList;
			buildConfigurations = (
				C6389EAA2541CEAD003ED18F /* Debug */,
				C6389EAB2541CEAD003ED18F /* Release */,
			);
			defaultConfigurationIsVisible = 0;
			defaultConfigurationName = Release;
		};
/* End XCConfigurationList section */

/* Begin XCRemoteSwiftPackageReference section */
		C6389EAD2541CFB8003ED18F /* XCRemoteSwiftPackageReference "ReverseGeocodingMap" */ = {
			isa = XCRemoteSwiftPackageReference;
			repositoryURL = "https://github.com/jerometonnelier/ReverseGeocodingMap";
			requirement = {
				branch = master;
				kind = branch;
			};
		};
/* End XCRemoteSwiftPackageReference section */

/* Begin XCSwiftPackageProductDependency section */
		C6389EAE2541CFB8003ED18F /* ReverseGeocodingMap */ = {
			isa = XCSwiftPackageProductDependency;
			package = C6389EAD2541CFB8003ED18F /* XCRemoteSwiftPackageReference "ReverseGeocodingMap" */;
			productName = ReverseGeocodingMap;
		};
/* End XCSwiftPackageProductDependency section */
	};
	rootObject = C6389E8D2541CEAB003ED18F /* Project object */;
}
